
Microsoft Visual Studio Solution File, Format Version 12.00
# Visual Studio Version 17
VisualStudioVersion = 17.11.35431.28
MinimumVisualStudioVersion = 10.0.40219.1
Project("{9A19103F-16F7-4668-BE54-9A1E7A4F7556}") = "GameAppTaskWeb", "GameAppTaskWeb\GameAppTaskWeb.csproj", "{083FE680-F92A-471C-B37F-ED0EACF656DC}"
EndProject
Project("{9A19103F-16F7-4668-BE54-9A1E7A4F7556}") = "GameAppTaskDataAccess", "GameAppTaskDataAccess\GameAppTaskDataAccess.csproj", "{678D5E2B-B7A7-41EA-891D-4DE7BF553C5C}"
EndProject
Project("{9A19103F-16F7-4668-BE54-9A1E7A4F7556}") = "GameAppTaskBusiness", "GameAppTaskBusiness\GameAppTaskBusiness.csproj", "{A73C65F9-4F4E-407F-A638-9FA55B5B117C}"
EndProject
Project("{2150E333-8FDC-42A3-9474-1A3956D46DE8}") = "Solution Items", "Solution Items", "{C5D8EA87-A45E-4482-A905-4E70419FA83A}"
	ProjectSection(SolutionItems) = preProject
		docker-compose.yml = docker-compose.yml
	EndProjectSection
EndProject
Global
	GlobalSection(SolutionConfigurationPlatforms) = preSolution
		Debug|Any CPU = Debug|Any CPU
		Release|Any CPU = Release|Any CPU
	EndGlobalSection
	GlobalSection(ProjectConfigurationPlatforms) = postSolution
		{083FE680-F92A-471C-B37F-ED0EACF656DC}.Debug|Any CPU.ActiveCfg = Debug|Any CPU
		{083FE680-F92A-471C-B37F-ED0EACF656DC}.Debug|Any CPU.Build.0 = Debug|Any CPU
		{083FE680-F92A-471C-B37F-ED0EACF656DC}.Release|Any CPU.ActiveCfg = Release|Any CPU
		{083FE680-F92A-471C-B37F-ED0EACF656DC}.Release|Any CPU.Build.0 = Release|Any CPU
		{678D5E2B-B7A7-41EA-891D-4DE7BF553C5C}.Debug|Any CPU.ActiveCfg = Debug|Any CPU
		{678D5E2B-B7A7-41EA-891D-4DE7BF553C5C}.Debug|Any CPU.Build.0 = Debug|Any CPU
		{678D5E2B-B7A7-41EA-891D-4DE7BF553C5C}.Release|Any CPU.ActiveCfg = Release|Any CPU
		{678D5E2B-B7A7-41EA-891D-4DE7BF553C5C}.Release|Any CPU.Build.0 = Release|Any CPU
		{A73C65F9-4F4E-407F-A638-9FA55B5B117C}.Debug|Any CPU.ActiveCfg = Debug|Any CPU
		{A73C65F9-4F4E-407F-A638-9FA55B5B117C}.Debug|Any CPU.Build.0 = Debug|Any CPU
		{A73C65F9-4F4E-407F-A638-9FA55B5B117C}.Release|Any CPU.ActiveCfg = Release|Any CPU
		{A73C65F9-4F4E-407F-A638-9FA55B5B117C}.Release|Any CPU.Build.0 = Release|Any CPU
	EndGlobalSection
	GlobalSection(SolutionProperties) = preSolution
		HideSolutionNode = FALSE
	EndGlobalSection
	GlobalSection(ExtensibilityGlobals) = postSolution
		SolutionGuid = {EE1572EB-A53C-46A7-8E8C-EC2BCE700407}
	EndGlobalSection
EndGlobal
